// !$*UTF8*$!
{
	archiveVersion = 1;
	classes = {
	};
	objectVersion = 52;
	objects = {

/* Begin PBXBuildFile section */
		F55A7D08264E4A8500C24D1C /* InventoryViewController.swift in Sources */ = {isa = PBXBuildFile; fileRef = F55A7D07264E4A8500C24D1C /* InventoryViewController.swift */; };
		F56FD9402638C4B100C6C865 /* world.jpg in Resources */ = {isa = PBXBuildFile; fileRef = F56FD93F2638C4B100C6C865 /* world.jpg */; };
		F56FD9452638C60600C6C865 /* Screen Shot 2021-04-27 at 17.21.13.png in Resources */ = {isa = PBXBuildFile; fileRef = F56FD9442638C60600C6C865 /* Screen Shot 2021-04-27 at 17.21.13.png */; };
		F56FD9482638E63500C6C865 /* Catalogue.swift in Sources */ = {isa = PBXBuildFile; fileRef = F56FD9472638E63500C6C865 /* Catalogue.swift */; };
		F5D4265D26323520000320C1 /* AppDelegate.swift in Sources */ = {isa = PBXBuildFile; fileRef = F5D4265C26323520000320C1 /* AppDelegate.swift */; };
		F5D4265F26323520000320C1 /* SceneDelegate.swift in Sources */ = {isa = PBXBuildFile; fileRef = F5D4265E26323520000320C1 /* SceneDelegate.swift */; };
		F5D4266126323520000320C1 /* ViewController.swift in Sources */ = {isa = PBXBuildFile; fileRef = F5D4266026323520000320C1 /* ViewController.swift */; };
		F5D4266426323520000320C1 /* Main.storyboard in Resources */ = {isa = PBXBuildFile; fileRef = F5D4266226323520000320C1 /* Main.storyboard */; };
		F5D4266626323523000320C1 /* Assets.xcassets in Resources */ = {isa = PBXBuildFile; fileRef = F5D4266526323523000320C1 /* Assets.xcassets */; };
		F5D4266926323523000320C1 /* LaunchScreen.storyboard in Resources */ = {isa = PBXBuildFile; fileRef = F5D4266726323523000320C1 /* LaunchScreen.storyboard */; };
		F5D4267226323986000320C1 /* ViewController2.swift in Sources */ = {isa = PBXBuildFile; fileRef = F5D4267126323986000320C1 /* ViewController2.swift */; };
		F5D4267526323C0A000320C1 /* Dashboard.swift in Sources */ = {isa = PBXBuildFile; fileRef = F5D4267426323C0A000320C1 /* Dashboard.swift */; };
		F5D4267826323C24000320C1 /* MainMenu.swift in Sources */ = {isa = PBXBuildFile; fileRef = F5D4267726323C24000320C1 /* MainMenu.swift */; };
		F5D4267B26323F9D000320C1 /* Inventory.swift in Sources */ = {isa = PBXBuildFile; fileRef = F5D4267A26323F9D000320C1 /* Inventory.swift */; };
		F5D4267E26324013000320C1 /* InventoryCreate.swift in Sources */ = {isa = PBXBuildFile; fileRef = F5D4267D26324013000320C1 /* InventoryCreate.swift */; };
		F5D4268126324021000320C1 /* InventoryEdit.swift in Sources */ = {isa = PBXBuildFile; fileRef = F5D4268026324021000320C1 /* InventoryEdit.swift */; };
		F5D426842632415D000320C1 /* Orders.swift in Sources */ = {isa = PBXBuildFile; fileRef = F5D426832632415D000320C1 /* Orders.swift */; };
		F5D426872632416A000320C1 /* CurrentOrders.swift in Sources */ = {isa = PBXBuildFile; fileRef = F5D426862632416A000320C1 /* CurrentOrders.swift */; };
		F5D4268A26324187000320C1 /* Users.swift in Sources */ = {isa = PBXBuildFile; fileRef = F5D4268926324187000320C1 /* Users.swift */; };
		F5D4268D2632419E000320C1 /* UsersCreate.swift in Sources */ = {isa = PBXBuildFile; fileRef = F5D4268C2632419E000320C1 /* UsersCreate.swift */; };
		F5D42690263241AE000320C1 /* UsersEdit.swift in Sources */ = {isa = PBXBuildFile; fileRef = F5D4268F263241AD000320C1 /* UsersEdit.swift */; };
		F5D42693263241D1000320C1 /* Products.swift in Sources */ = {isa = PBXBuildFile; fileRef = F5D42692263241D1000320C1 /* Products.swift */; };
		F5D42696263241E0000320C1 /* ProductsCreate.swift in Sources */ = {isa = PBXBuildFile; fileRef = F5D42695263241E0000320C1 /* ProductsCreate.swift */; };
		F5D42699263241EB000320C1 /* ProductsEdit.swift in Sources */ = {isa = PBXBuildFile; fileRef = F5D42698263241EB000320C1 /* ProductsEdit.swift */; };
		F5F0B9322658614D009C2529 /* Realm.xcframework in Frameworks */ = {isa = PBXBuildFile; fileRef = F5F0B92F265860D1009C2529 /* Realm.xcframework */; };
		F5F0B9332658614D009C2529 /* Realm.xcframework in Embed Frameworks */ = {isa = PBXBuildFile; fileRef = F5F0B92F265860D1009C2529 /* Realm.xcframework */; settings = {ATTRIBUTES = (CodeSignOnCopy, RemoveHeadersOnCopy, ); }; };
		F5F0B9352658614E009C2529 /* RealmSwift.xcframework in Frameworks */ = {isa = PBXBuildFile; fileRef = F5F0B92E265860BD009C2529 /* RealmSwift.xcframework */; };
		F5F0B9362658614E009C2529 /* RealmSwift.xcframework in Embed Frameworks */ = {isa = PBXBuildFile; fileRef = F5F0B92E265860BD009C2529 /* RealmSwift.xcframework */; settings = {ATTRIBUTES = (CodeSignOnCopy, RemoveHeadersOnCopy, ); }; };
/* End PBXBuildFile section */

/* Begin PBXCopyFilesBuildPhase section */
		F5F0B9342658614D009C2529 /* Embed Frameworks */ = {
			isa = PBXCopyFilesBuildPhase;
			buildActionMask = 2147483647;
			dstPath = "";
			dstSubfolderSpec = 10;
			files = (
				F5F0B9332658614D009C2529 /* Realm.xcframework in Embed Frameworks */,
				F5F0B9362658614E009C2529 /* RealmSwift.xcframework in Embed Frameworks */,
			);
			name = "Embed Frameworks";
			runOnlyForDeploymentPostprocessing = 0;
		};
/* End PBXCopyFilesBuildPhase section */

/* Begin PBXFileReference section */
		F55A7D07264E4A8500C24D1C /* InventoryViewController.swift */ = {isa = PBXFileReference; lastKnownFileType = sourcecode.swift; path = InventoryViewController.swift; sourceTree = "<group>"; };
		F56FD93F2638C4B100C6C865 /* world.jpg */ = {isa = PBXFileReference; lastKnownFileType = image.jpeg; name = world.jpg; path = ../../world.jpg; sourceTree = "<group>"; };
		F56FD9442638C60600C6C865 /* Screen Shot 2021-04-27 at 17.21.13.png */ = {isa = PBXFileReference; lastKnownFileType = image.png; name = "Screen Shot 2021-04-27 at 17.21.13.png"; path = "../../Screen Shot 2021-04-27 at 17.21.13.png"; sourceTree = "<group>"; };
		F56FD9472638E63500C6C865 /* Catalogue.swift */ = {isa = PBXFileReference; lastKnownFileType = sourcecode.swift; path = Catalogue.swift; sourceTree = "<group>"; };
		F5D4265926323520000320C1 /* GP.app */ = {isa = PBXFileReference; explicitFileType = wrapper.application; includeInIndex = 0; path = GP.app; sourceTree = BUILT_PRODUCTS_DIR; };
		F5D4265C26323520000320C1 /* AppDelegate.swift */ = {isa = PBXFileReference; lastKnownFileType = sourcecode.swift; path = AppDelegate.swift; sourceTree = "<group>"; };
		F5D4265E26323520000320C1 /* SceneDelegate.swift */ = {isa = PBXFileReference; lastKnownFileType = sourcecode.swift; path = SceneDelegate.swift; sourceTree = "<group>"; };
		F5D4266026323520000320C1 /* ViewController.swift */ = {isa = PBXFileReference; lastKnownFileType = sourcecode.swift; path = ViewController.swift; sourceTree = "<group>"; };
		F5D4266326323520000320C1 /* Base */ = {isa = PBXFileReference; lastKnownFileType = file.storyboard; name = Base; path = Base.lproj/Main.storyboard; sourceTree = "<group>"; };
		F5D4266526323523000320C1 /* Assets.xcassets */ = {isa = PBXFileReference; lastKnownFileType = folder.assetcatalog; path = Assets.xcassets; sourceTree = "<group>"; };
		F5D4266826323523000320C1 /* Base */ = {isa = PBXFileReference; lastKnownFileType = file.storyboard; name = Base; path = Base.lproj/LaunchScreen.storyboard; sourceTree = "<group>"; };
		F5D4266A26323523000320C1 /* Info.plist */ = {isa = PBXFileReference; explicitFileType = text.plist.info; path = Info.plist; sourceTree = "<group>"; };
		F5D4267126323986000320C1 /* ViewController2.swift */ = {isa = PBXFileReference; lastKnownFileType = sourcecode.swift; path = ViewController2.swift; sourceTree = "<group>"; };
		F5D4267426323C0A000320C1 /* Dashboard.swift */ = {isa = PBXFileReference; lastKnownFileType = sourcecode.swift; path = Dashboard.swift; sourceTree = "<group>"; };
		F5D4267726323C24000320C1 /* MainMenu.swift */ = {isa = PBXFileReference; lastKnownFileType = sourcecode.swift; path = MainMenu.swift; sourceTree = "<group>"; };
		F5D4267A26323F9D000320C1 /* Inventory.swift */ = {isa = PBXFileReference; lastKnownFileType = sourcecode.swift; path = Inventory.swift; sourceTree = "<group>"; };
		F5D4267D26324013000320C1 /* InventoryCreate.swift */ = {isa = PBXFileReference; lastKnownFileType = sourcecode.swift; path = InventoryCreate.swift; sourceTree = "<group>"; };
		F5D4268026324021000320C1 /* InventoryEdit.swift */ = {isa = PBXFileReference; lastKnownFileType = sourcecode.swift; path = InventoryEdit.swift; sourceTree = "<group>"; };
		F5D426832632415D000320C1 /* Orders.swift */ = {isa = PBXFileReference; lastKnownFileType = sourcecode.swift; path = Orders.swift; sourceTree = "<group>"; };
		F5D426862632416A000320C1 /* CurrentOrders.swift */ = {isa = PBXFileReference; lastKnownFileType = sourcecode.swift; path = CurrentOrders.swift; sourceTree = "<group>"; };
		F5D4268926324187000320C1 /* Users.swift */ = {isa = PBXFileReference; lastKnownFileType = sourcecode.swift; path = Users.swift; sourceTree = "<group>"; };
		F5D4268C2632419E000320C1 /* UsersCreate.swift */ = {isa = PBXFileReference; lastKnownFileType = sourcecode.swift; path = UsersCreate.swift; sourceTree = "<group>"; };
		F5D4268F263241AD000320C1 /* UsersEdit.swift */ = {isa = PBXFileReference; lastKnownFileType = sourcecode.swift; path = UsersEdit.swift; sourceTree = "<group>"; };
		F5D42692263241D1000320C1 /* Products.swift */ = {isa = PBXFileReference; lastKnownFileType = sourcecode.swift; path = Products.swift; sourceTree = "<group>"; };
		F5D42695263241E0000320C1 /* ProductsCreate.swift */ = {isa = PBXFileReference; lastKnownFileType = sourcecode.swift; path = ProductsCreate.swift; sourceTree = "<group>"; };
		F5D42698263241EB000320C1 /* ProductsEdit.swift */ = {isa = PBXFileReference; lastKnownFileType = sourcecode.swift; path = ProductsEdit.swift; sourceTree = "<group>"; };
		F5F0B92E265860BD009C2529 /* RealmSwift.xcframework */ = {isa = PBXFileReference; lastKnownFileType = wrapper.xcframework; path = RealmSwift.xcframework; sourceTree = "<group>"; };
		F5F0B92F265860D1009C2529 /* Realm.xcframework */ = {isa = PBXFileReference; lastKnownFileType = wrapper.xcframework; path = Realm.xcframework; sourceTree = "<group>"; };
/* End PBXFileReference section */

/* Begin PBXFrameworksBuildPhase section */
		F5D4265626323520000320C1 /* Frameworks */ = {
			isa = PBXFrameworksBuildPhase;
			buildActionMask = 2147483647;
			files = (
				F5F0B9322658614D009C2529 /* Realm.xcframework in Frameworks */,
				F5F0B9352658614E009C2529 /* RealmSwift.xcframework in Frameworks */,
			);
			runOnlyForDeploymentPostprocessing = 0;
		};
/* End PBXFrameworksBuildPhase section */

/* Begin PBXGroup section */
		F5D4265026323520000320C1 = {
			isa = PBXGroup;
			children = (
				F5D4265B26323520000320C1 /* GP */,
				F5D4265A26323520000320C1 /* Products */,
			);
			sourceTree = "<group>";
		};
		F5D4265A26323520000320C1 /* Products */ = {
			isa = PBXGroup;
			children = (
				F5D4265926323520000320C1 /* GP.app */,
			);
			name = Products;
			sourceTree = "<group>";
		};
		F5D4265B26323520000320C1 /* GP */ = {
			isa = PBXGroup;
			children = (
				F5D4265C26323520000320C1 /* AppDelegate.swift */,
				F5D4265E26323520000320C1 /* SceneDelegate.swift */,
				F5D4266026323520000320C1 /* ViewController.swift */,
				F5D4266226323520000320C1 /* Main.storyboard */,
				F5D4266526323523000320C1 /* Assets.xcassets */,
				F5F0B92F265860D1009C2529 /* Realm.xcframework */,
				F5F0B92E265860BD009C2529 /* RealmSwift.xcframework */,
				F56FD93F2638C4B100C6C865 /* world.jpg */,
				F56FD9442638C60600C6C865 /* Screen Shot 2021-04-27 at 17.21.13.png */,
				F5D4266726323523000320C1 /* LaunchScreen.storyboard */,
				F5D4266A26323523000320C1 /* Info.plist */,
				F5D4267126323986000320C1 /* ViewController2.swift */,
				F5D4267426323C0A000320C1 /* Dashboard.swift */,
				F5D4267726323C24000320C1 /* MainMenu.swift */,
				F5D4267A26323F9D000320C1 /* Inventory.swift */,
				F5D4267D26324013000320C1 /* InventoryCreate.swift */,
				F5D4268026324021000320C1 /* InventoryEdit.swift */,
				F5D426832632415D000320C1 /* Orders.swift */,
				F5D426862632416A000320C1 /* CurrentOrders.swift */,
				F5D4268926324187000320C1 /* Users.swift */,
				F5D4268C2632419E000320C1 /* UsersCreate.swift */,
				F5D4268F263241AD000320C1 /* UsersEdit.swift */,
				F5D42692263241D1000320C1 /* Products.swift */,
				F5D42695263241E0000320C1 /* ProductsCreate.swift */,
				F5D42698263241EB000320C1 /* ProductsEdit.swift */,
				F56FD9472638E63500C6C865 /* Catalogue.swift */,
				F55A7D07264E4A8500C24D1C /* InventoryViewController.swift */,
			);
			path = GP;
			sourceTree = "<group>";
		};
/* End PBXGroup section */

/* Begin PBXNativeTarget section */
		F5D4265826323520000320C1 /* GP */ = {
			isa = PBXNativeTarget;
			buildConfigurationList = F5D4266D26323523000320C1 /* Build configuration list for PBXNativeTarget "GP" */;
			buildPhases = (
				F5D4265526323520000320C1 /* Sources */,
				F5D4265626323520000320C1 /* Frameworks */,
				F5D4265726323520000320C1 /* Resources */,
				F5F0B9342658614D009C2529 /* Embed Frameworks */,
			);
			buildRules = (
			);
			dependencies = (
			);
			name = GP;
			productName = GP;
			productReference = F5D4265926323520000320C1 /* GP.app */;
			productType = "com.apple.product-type.application";
		};
/* End PBXNativeTarget section */

/* Begin PBXProject section */
		F5D4265126323520000320C1 /* Project object */ = {
			isa = PBXProject;
			attributes = {
				LastSwiftUpdateCheck = 1240;
				LastUpgradeCheck = 1240;
				TargetAttributes = {
					F5D4265826323520000320C1 = {
						CreatedOnToolsVersion = 12.4;
					};
				};
			};
			buildConfigurationList = F5D4265426323520000320C1 /* Build configuration list for PBXProject "GP" */;
			compatibilityVersion = "Xcode 9.3";
			developmentRegion = en;
			hasScannedForEncodings = 0;
			knownRegions = (
				en,
				Base,
			);
			mainGroup = F5D4265026323520000320C1;
			productRefGroup = F5D4265A26323520000320C1 /* Products */;
			projectDirPath = "";
			projectRoot = "";
			targets = (
				F5D4265826323520000320C1 /* GP */,
			);
		};
/* End PBXProject section */

/* Begin PBXResourcesBuildPhase section */
		F5D4265726323520000320C1 /* Resources */ = {
			isa = PBXResourcesBuildPhase;
			buildActionMask = 2147483647;
			files = (
				F56FD9402638C4B100C6C865 /* world.jpg in Resources */,
				F5D4266926323523000320C1 /* LaunchScreen.storyboard in Resources */,
				F5D4266626323523000320C1 /* Assets.xcassets in Resources */,
				F56FD9452638C60600C6C865 /* Screen Shot 2021-04-27 at 17.21.13.png in Resources */,
				F5D4266426323520000320C1 /* Main.storyboard in Resources */,
			);
			runOnlyForDeploymentPostprocessing = 0;
		};
/* End PBXResourcesBuildPhase section */

/* Begin PBXSourcesBuildPhase section */
		F5D4265526323520000320C1 /* Sources */ = {
			isa = PBXSourcesBuildPhase;
			buildActionMask = 2147483647;
			files = (
				F5D4266126323520000320C1 /* ViewController.swift in Sources */,
				F5D42699263241EB000320C1 /* ProductsEdit.swift in Sources */,
				F5D4267826323C24000320C1 /* MainMenu.swift in Sources */,
				F5D42690263241AE000320C1 /* UsersEdit.swift in Sources */,
				F5D4267E26324013000320C1 /* InventoryCreate.swift in Sources */,
				F56FD9482638E63500C6C865 /* Catalogue.swift in Sources */,
				F5D4267B26323F9D000320C1 /* Inventory.swift in Sources */,
				F5D4268A26324187000320C1 /* Users.swift in Sources */,
				F5D426842632415D000320C1 /* Orders.swift in Sources */,
				F5D42696263241E0000320C1 /* ProductsCreate.swift in Sources */,
				F5D426872632416A000320C1 /* CurrentOrders.swift in Sources */,
				F5D4267226323986000320C1 /* ViewController2.swift in Sources */,
				F5D4267526323C0A000320C1 /* Dashboard.swift in Sources */,
				F55A7D08264E4A8500C24D1C /* InventoryViewController.swift in Sources */,
				F5D4265D26323520000320C1 /* AppDelegate.swift in Sources */,
				F5D4268D2632419E000320C1 /* UsersCreate.swift in Sources */,
				F5D42693263241D1000320C1 /* Products.swift in Sources */,
				F5D4268126324021000320C1 /* InventoryEdit.swift in Sources */,
				F5D4265F26323520000320C1 /* SceneDelegate.swift in Sources */,
			);
			runOnlyForDeploymentPostprocessing = 0;
		};
/* End PBXSourcesBuildPhase section */

/* Begin PBXVariantGroup section */
		F5D4266226323520000320C1 /* Main.storyboard */ = {
			isa = PBXVariantGroup;
			children = (
				F5D4266326323520000320C1 /* Base */,
			);
			name = Main.storyboard;
			sourceTree = "<group>";
		};
		F5D4266726323523000320C1 /* LaunchScreen.storyboard */ = {
			isa = PBXVariantGroup;
			children = (
				F5D4266826323523000320C1 /* Base */,
			);
			name = LaunchScreen.storyboard;
			sourceTree = "<group>";
		};
/* End PBXVariantGroup section */

/* Begin XCBuildConfiguration section */
		F5D4266B26323523000320C1 /* Debug */ = {
			isa = XCBuildConfiguration;
			buildSettings = {
				ALWAYS_SEARCH_USER_PATHS = NO;
				CLANG_ANALYZER_NONNULL = YES;
				CLANG_ANALYZER_NUMBER_OBJECT_CONVERSION = YES_AGGRESSIVE;
				CLANG_CXX_LANGUAGE_STANDARD = "gnu++14";
				CLANG_CXX_LIBRARY = "libc++";
				CLANG_ENABLE_MODULES = YES;
				CLANG_ENABLE_OBJC_ARC = YES;
				CLANG_ENABLE_OBJC_WEAK = YES;
				CLANG_WARN_BLOCK_CAPTURE_AUTORELEASING = YES;
				CLANG_WARN_BOOL_CONVERSION = YES;
				CLANG_WARN_COMMA = YES;
				CLANG_WARN_CONSTANT_CONVERSION = YES;
				CLANG_WARN_DEPRECATED_OBJC_IMPLEMENTATIONS = YES;
				CLANG_WARN_DIRECT_OBJC_ISA_USAGE = YES_ERROR;
				CLANG_WARN_DOCUMENTATION_COMMENTS = YES;
				CLANG_WARN_EMPTY_BODY = YES;
				CLANG_WARN_ENUM_CONVERSION = YES;
				CLANG_WARN_INFINITE_RECURSION = YES;
				CLANG_WARN_INT_CONVERSION = YES;
				CLANG_WARN_NON_LITERAL_NULL_CONVERSION = YES;
				CLANG_WARN_OBJC_IMPLICIT_RETAIN_SELF = YES;
				CLANG_WARN_OBJC_LITERAL_CONVERSION = YES;
				CLANG_WARN_OBJC_ROOT_CLASS = YES_ERROR;
				CLANG_WARN_QUOTED_INCLUDE_IN_FRAMEWORK_HEADER = YES;
				CLANG_WARN_RANGE_LOOP_ANALYSIS = YES;
				CLANG_WARN_STRICT_PROTOTYPES = YES;
				CLANG_WARN_SUSPICIOUS_MOVE = YES;
				CLANG_WARN_UNGUARDED_AVAILABILITY = YES_AGGRESSIVE;
				CLANG_WARN_UNREACHABLE_CODE = YES;
				CLANG_WARN__DUPLICATE_METHOD_MATCH = YES;
				COPY_PHASE_STRIP = NO;
				DEBUG_INFORMATION_FORMAT = dwarf;
				ENABLE_STRICT_OBJC_MSGSEND = YES;
				ENABLE_TESTABILITY = YES;
				GCC_C_LANGUAGE_STANDARD = gnu11;
				GCC_DYNAMIC_NO_PIC = NO;
				GCC_NO_COMMON_BLOCKS = YES;
				GCC_OPTIMIZATION_LEVEL = 0;
				GCC_PREPROCESSOR_DEFINITIONS = (
					"DEBUG=1",
					"$(inherited)",
				);
				GCC_WARN_64_TO_32_BIT_CONVERSION = YES;
				GCC_WARN_ABOUT_RETURN_TYPE = YES_ERROR;
				GCC_WARN_UNDECLARED_SELECTOR = YES;
				GCC_WARN_UNINITIALIZED_AUTOS = YES_AGGRESSIVE;
				GCC_WARN_UNUSED_FUNCTION = YES;
				GCC_WARN_UNUSED_VARIABLE = YES;
				IPHONEOS_DEPLOYMENT_TARGET = 14.4;
				MTL_ENABLE_DEBUG_INFO = INCLUDE_SOURCE;
				MTL_FAST_MATH = YES;
				ONLY_ACTIVE_ARCH = YES;
				SDKROOT = iphoneos;
				SWIFT_ACTIVE_COMPILATION_CONDITIONS = DEBUG;
				SWIFT_OPTIMIZATION_LEVEL = "-Onone";
			};
			name = Debug;
		};
		F5D4266C26323523000320C1 /* Release */ = {
			isa = XCBuildConfiguration;
			buildSettings = {
				ALWAYS_SEARCH_USER_PATHS = NO;
				CLANG_ANALYZER_NONNULL = YES;
				CLANG_ANALYZER_NUMBER_OBJECT_CONVERSION = YES_AGGRESSIVE;
				CLANG_CXX_LANGUAGE_STANDARD = "gnu++14";
				CLANG_CXX_LIBRARY = "libc++";
				CLANG_ENABLE_MODULES = YES;
				CLANG_ENABLE_OBJC_ARC = YES;
				CLANG_ENABLE_OBJC_WEAK = YES;
				CLANG_WARN_BLOCK_CAPTURE_AUTORELEASING = YES;
				CLANG_WARN_BOOL_CONVERSION = YES;
				CLANG_WARN_COMMA = YES;
				CLANG_WARN_CONSTANT_CONVERSION = YES;
				CLANG_WARN_DEPRECATED_OBJC_IMPLEMENTATIONS = YES;
				CLANG_WARN_DIRECT_OBJC_ISA_USAGE = YES_ERROR;
				CLANG_WARN_DOCUMENTATION_COMMENTS = YES;
				CLANG_WARN_EMPTY_BODY = YES;
				CLANG_WARN_ENUM_CONVERSION = YES;
				CLANG_WARN_INFINITE_RECURSION = YES;
				CLANG_WARN_INT_CONVERSION = YES;
				CLANG_WARN_NON_LITERAL_NULL_CONVERSION = YES;
				CLANG_WARN_OBJC_IMPLICIT_RETAIN_SELF = YES;
				CLANG_WARN_OBJC_LITERAL_CONVERSION = YES;
				CLANG_WARN_OBJC_ROOT_CLASS = YES_ERROR;
				CLANG_WARN_QUOTED_INCLUDE_IN_FRAMEWORK_HEADER = YES;
				CLANG_WARN_RANGE_LOOP_ANALYSIS = YES;
				CLANG_WARN_STRICT_PROTOTYPES = YES;
				CLANG_WARN_SUSPICIOUS_MOVE = YES;
				CLANG_WARN_UNGUARDED_AVAILABILITY = YES_AGGRESSIVE;
				CLANG_WARN_UNREACHABLE_CODE = YES;
				CLANG_WARN__DUPLICATE_METHOD_MATCH = YES;
				COPY_PHASE_STRIP = NO;
				DEBUG_INFORMATION_FORMAT = "dwarf-with-dsym";
				ENABLE_NS_ASSERTIONS = NO;
				ENABLE_STRICT_OBJC_MSGSEND = YES;
				GCC_C_LANGUAGE_STANDARD = gnu11;
				GCC_NO_COMMON_BLOCKS = YES;
				GCC_WARN_64_TO_32_BIT_CONVERSION = YES;
				GCC_WARN_ABOUT_RETURN_TYPE = YES_ERROR;
				GCC_WARN_UNDECLARED_SELECTOR = YES;
				GCC_WARN_UNINITIALIZED_AUTOS = YES_AGGRESSIVE;
				GCC_WARN_UNUSED_FUNCTION = YES;
				GCC_WARN_UNUSED_VARIABLE = YES;
				IPHONEOS_DEPLOYMENT_TARGET = 14.4;
				MTL_ENABLE_DEBUG_INFO = NO;
				MTL_FAST_MATH = YES;
				SDKROOT = iphoneos;
				SWIFT_COMPILATION_MODE = wholemodule;
				SWIFT_OPTIMIZATION_LEVEL = "-O";
				VALIDATE_PRODUCT = YES;
			};
			name = Release;
		};
		F5D4266E26323523000320C1 /* Debug */ = {
			isa = XCBuildConfiguration;
			buildSettings = {
				ASSETCATALOG_COMPILER_APPICON_NAME = AppIcon;
				ASSETCATALOG_COMPILER_GLOBAL_ACCENT_COLOR_NAME = AccentColor;
				CODE_SIGN_STYLE = Automatic;
				INFOPLIST_FILE = GP/Info.plist;
				LD_RUNPATH_SEARCH_PATHS = (
					"$(inherited)",
					"@executable_path/Frameworks",
				);
				PRODUCT_BUNDLE_IDENTIFIER = REOS.GP;
				PRODUCT_NAME = "$(TARGET_NAME)";
				SWIFT_VERSION = 5.0;
				TARGETED_DEVICE_FAMILY = "1,2";
			};
			name = Debug;
		};
		F5D4266F26323523000320C1 /* Release */ = {
			isa = XCBuildConfiguration;
			buildSettings = {
				ASSETCATALOG_COMPILER_APPICON_NAME = AppIcon;
				ASSETCATALOG_COMPILER_GLOBAL_ACCENT_COLOR_NAME = AccentColor;
				CODE_SIGN_STYLE = Automatic;
				INFOPLIST_FILE = GP/Info.plist;
				LD_RUNPATH_SEARCH_PATHS = (
					"$(inherited)",
					"@executable_path/Frameworks",
				);
				PRODUCT_BUNDLE_IDENTIFIER = REOS.GP;
				PRODUCT_NAME = "$(TARGET_NAME)";
				SWIFT_VERSION = 5.0;
				TARGETED_DEVICE_FAMILY = "1,2";
			};
			name = Release;
		};
/* End XCBuildConfiguration section */

/* Begin XCConfigurationList section */
		F5D4265426323520000320C1 /* Build configuration list for PBXProject "GP" */ = {
			isa = XCConfigurationList;
			buildConfigurations = (
				F5D4266B26323523000320C1 /* Debug */,
				F5D4266C26323523000320C1 /* Release */,
			);
			defaultConfigurationIsVisible = 0;
			defaultConfigurationName = Release;
		};
		F5D4266D26323523000320C1 /* Build configuration list for PBXNativeTarget "GP" */ = {
			isa = XCConfigurationList;
			buildConfigurations = (
				F5D4266E26323523000320C1 /* Debug */,
				F5D4266F26323523000320C1 /* Release */,
			);
			defaultConfigurationIsVisible = 0;
			defaultConfigurationName = Release;
		};
/* End XCConfigurationList section */
	};
	rootObject = F5D4265126323520000320C1 /* Project object */;
}
